// !$*UTF8*$!
{
	archiveVersion = 1;
	classes = {
	};
	objectVersion = 50;
	objects = {

/* Begin PBXBuildFile section */
		F42550932486D28C00638241 /* AppDelegate.swift in Sources */ = {isa = PBXBuildFile; fileRef = F42550922486D28C00638241 /* AppDelegate.swift */; };
		F42550952486D28C00638241 /* SceneDelegate.swift in Sources */ = {isa = PBXBuildFile; fileRef = F42550942486D28C00638241 /* SceneDelegate.swift */; };
		F42550972486D28C00638241 /* ViewController.swift in Sources */ = {isa = PBXBuildFile; fileRef = F42550962486D28C00638241 /* ViewController.swift */; };
		F425509A2486D28C00638241 /* Main.storyboard in Resources */ = {isa = PBXBuildFile; fileRef = F42550982486D28C00638241 /* Main.storyboard */; };
		F425509C2486D28D00638241 /* Assets.xcassets in Resources */ = {isa = PBXBuildFile; fileRef = F425509B2486D28D00638241 /* Assets.xcassets */; };
		F425509F2486D28D00638241 /* LaunchScreen.storyboard in Resources */ = {isa = PBXBuildFile; fileRef = F425509D2486D28D00638241 /* LaunchScreen.storyboard */; };
		F447527924881CF00026D5A6 /* GameViewController.swift in Sources */ = {isa = PBXBuildFile; fileRef = F447527824881CF00026D5A6 /* GameViewController.swift */; };
		F448D4E024875E360034EC74 /* Question.swift in Sources */ = {isa = PBXBuildFile; fileRef = F448D4DF24875E360034EC74 /* Question.swift */; };
/* End PBXBuildFile section */

/* Begin PBXFileReference section */
		F425508F2486D28C00638241 /* Who Wants to Be a Millionaire?.git.app */ = {isa = PBXFileReference; explicitFileType = wrapper.application; includeInIndex = 0; path = "Who Wants to Be a Millionaire?.git.app"; sourceTree = BUILT_PRODUCTS_DIR; };
		F42550922486D28C00638241 /* AppDelegate.swift */ = {isa = PBXFileReference; lastKnownFileType = sourcecode.swift; path = AppDelegate.swift; sourceTree = "<group>"; };
		F42550942486D28C00638241 /* SceneDelegate.swift */ = {isa = PBXFileReference; lastKnownFileType = sourcecode.swift; path = SceneDelegate.swift; sourceTree = "<group>"; };
		F42550962486D28C00638241 /* ViewController.swift */ = {isa = PBXFileReference; lastKnownFileType = sourcecode.swift; path = ViewController.swift; sourceTree = "<group>"; };
		F42550992486D28C00638241 /* Base */ = {isa = PBXFileReference; lastKnownFileType = file.storyboard; name = Base; path = Base.lproj/Main.storyboard; sourceTree = "<group>"; };
		F425509B2486D28D00638241 /* Assets.xcassets */ = {isa = PBXFileReference; lastKnownFileType = folder.assetcatalog; path = Assets.xcassets; sourceTree = "<group>"; };
		F425509E2486D28D00638241 /* Base */ = {isa = PBXFileReference; lastKnownFileType = file.storyboard; name = Base; path = Base.lproj/LaunchScreen.storyboard; sourceTree = "<group>"; };
		F42550A02486D28D00638241 /* Info.plist */ = {isa = PBXFileReference; lastKnownFileType = text.plist.xml; path = Info.plist; sourceTree = "<group>"; };
		F447527824881CF00026D5A6 /* GameViewController.swift */ = {isa = PBXFileReference; lastKnownFileType = sourcecode.swift; path = GameViewController.swift; sourceTree = "<group>"; };
		F448D4DF24875E360034EC74 /* Question.swift */ = {isa = PBXFileReference; lastKnownFileType = sourcecode.swift; path = Question.swift; sourceTree = "<group>"; };
/* End PBXFileReference section */

/* Begin PBXFrameworksBuildPhase section */
		F425508C2486D28C00638241 /* Frameworks */ = {
			isa = PBXFrameworksBuildPhase;
			buildActionMask = 2147483647;
			files = (
			);
			runOnlyForDeploymentPostprocessing = 0;
		};
/* End PBXFrameworksBuildPhase section */

/* Begin PBXGroup section */
		F42550862486D28C00638241 = {
			isa = PBXGroup;
			children = (
				F42550912486D28C00638241 /* Who Wants to Be a Millionaire?.git */,
				F42550902486D28C00638241 /* Products */,
			);
			sourceTree = "<group>";
		};
		F42550902486D28C00638241 /* Products */ = {
			isa = PBXGroup;
			children = (
				F425508F2486D28C00638241 /* Who Wants to Be a Millionaire?.git.app */,
			);
			name = Products;
			sourceTree = "<group>";
		};
		F42550912486D28C00638241 /* Who Wants to Be a Millionaire?.git */ = {
			isa = PBXGroup;
			children = (
				F42550922486D28C00638241 /* AppDelegate.swift */,
				F42550942486D28C00638241 /* SceneDelegate.swift */,
				F448D4DD24875DFC0034EC74 /* Model */,
				F448D4DE24875E0C0034EC74 /* Controller */,
				F42550982486D28C00638241 /* Main.storyboard */,
				F425509B2486D28D00638241 /* Assets.xcassets */,
				F425509D2486D28D00638241 /* LaunchScreen.storyboard */,
				F42550A02486D28D00638241 /* Info.plist */,
			);
			path = "Who Wants to Be a Millionaire?.git";
			sourceTree = "<group>";
		};
		F448D4DD24875DFC0034EC74 /* Model */ = {
			isa = PBXGroup;
			children = (
				F448D4DF24875E360034EC74 /* Question.swift */,
			);
			path = Model;
			sourceTree = "<group>";
		};
		F448D4DE24875E0C0034EC74 /* Controller */ = {
			isa = PBXGroup;
			children = (
				F42550962486D28C00638241 /* ViewController.swift */,
				F447527824881CF00026D5A6 /* GameViewController.swift */,
			);
			path = Controller;
			sourceTree = "<group>";
		};
/* End PBXGroup section */

/* Begin PBXNativeTarget section */
		F425508E2486D28C00638241 /* Who Wants to Be a Millionaire?.git */ = {
			isa = PBXNativeTarget;
			buildConfigurationList = F42550A32486D28D00638241 /* Build configuration list for PBXNativeTarget "Who Wants to Be a Millionaire?.git" */;
			buildPhases = (
				F425508B2486D28C00638241 /* Sources */,
				F425508C2486D28C00638241 /* Frameworks */,
				F425508D2486D28C00638241 /* Resources */,
			);
			buildRules = (
			);
			dependencies = (
			);
			name = "Who Wants to Be a Millionaire?.git";
			productName = "Who Wants to Be a Millionaire?.git";
			productReference = F425508F2486D28C00638241 /* Who Wants to Be a Millionaire?.git.app */;
			productType = "com.apple.product-type.application";
		};
/* End PBXNativeTarget section */

/* Begin PBXProject section */
		F42550872486D28C00638241 /* Project object */ = {
			isa = PBXProject;
			attributes = {
				LastSwiftUpdateCheck = 1150;
				LastUpgradeCheck = 1150;
				ORGANIZATIONNAME = "Пазин Даниил";
				TargetAttributes = {
					F425508E2486D28C00638241 = {
						CreatedOnToolsVersion = 11.5;
					};
				};
			};
			buildConfigurationList = F425508A2486D28C00638241 /* Build configuration list for PBXProject "Who Wants to Be a Millionaire?.git" */;
			compatibilityVersion = "Xcode 9.3";
			developmentRegion = en;
			hasScannedForEncodings = 0;
			knownRegions = (
				en,
				Base,
			);
			mainGroup = F42550862486D28C00638241;
			productRefGroup = F42550902486D28C00638241 /* Products */;
			projectDirPath = "";
			projectRoot = "";
			targets = (
				F425508E2486D28C00638241 /* Who Wants to Be a Millionaire?.git */,
			);
		};
/* End PBXProject section */

/* Begin PBXResourcesBuildPhase section */
		F425508D2486D28C00638241 /* Resources */ = {
			isa = PBXResourcesBuildPhase;
			buildActionMask = 2147483647;
			files = (
				F425509F2486D28D00638241 /* LaunchScreen.storyboard in Resources */,
				F425509C2486D28D00638241 /* Assets.xcassets in Resources */,
				F425509A2486D28C00638241 /* Main.storyboard in Resources */,
			);
			runOnlyForDeploymentPostprocessing = 0;
		};
/* End PBXResourcesBuildPhase section */

/* Begin PBXSourcesBuildPhase section */
		F425508B2486D28C00638241 /* Sources */ = {
			isa = PBXSourcesBuildPhase;
			buildActionMask = 2147483647;
			files = (
				F447527924881CF00026D5A6 /* GameViewController.swift in Sources */,
				F42550972486D28C00638241 /* ViewController.swift in Sources */,
				F448D4E024875E360034EC74 /* Question.swift in Sources */,
				F42550932486D28C00638241 /* AppDelegate.swift in Sources */,
				F42550952486D28C00638241 /* SceneDelegate.swift in Sources */,
			);
			runOnlyForDeploymentPostprocessing = 0;
		};
/* End PBXSourcesBuildPhase section */

/* Begin PBXVariantGroup section */
		F42550982486D28C00638241 /* Main.storyboard */ = {
			isa = PBXVariantGroup;
			children = (
				F42550992486D28C00638241 /* Base */,
			);
			name = Main.storyboard;
			sourceTree = "<group>";
		};
		F425509D2486D28D00638241 /* LaunchScreen.storyboard */ = {
			isa = PBXVariantGroup;
			children = (
				F425509E2486D28D00638241 /* Base */,
			);
			name = LaunchScreen.storyboard;
			sourceTree = "<group>";
		};
/* End PBXVariantGroup section */

/* Begin XCBuildConfiguration section */
		F42550A12486D28D00638241 /* Debug */ = {
			isa = XCBuildConfiguration;
			buildSettings = {
				ALWAYS_SEARCH_USER_PATHS = NO;
				CLANG_ANALYZER_NONNULL = YES;
				CLANG_ANALYZER_NUMBER_OBJECT_CONVERSION = YES_AGGRESSIVE;
				CLANG_CXX_LANGUAGE_STANDARD = "gnu++14";
				CLANG_CXX_LIBRARY = "libc++";
				CLANG_ENABLE_MODULES = YES;
				CLANG_ENABLE_OBJC_ARC = YES;
				CLANG_ENABLE_OBJC_WEAK = YES;
				CLANG_WARN_BLOCK_CAPTURE_AUTORELEASING = YES;
				CLANG_WARN_BOOL_CONVERSION = YES;
				CLANG_WARN_COMMA = YES;
				CLANG_WARN_CONSTANT_CONVERSION = YES;
				CLANG_WARN_DEPRECATED_OBJC_IMPLEMENTATIONS = YES;
				CLANG_WARN_DIRECT_OBJC_ISA_USAGE = YES_ERROR;
				CLANG_WARN_DOCUMENTATION_COMMENTS = YES;
				CLANG_WARN_EMPTY_BODY = YES;
				CLANG_WARN_ENUM_CONVERSION = YES;
				CLANG_WARN_INFINITE_RECURSION = YES;
				CLANG_WARN_INT_CONVERSION = YES;
				CLANG_WARN_NON_LITERAL_NULL_CONVERSION = YES;
				CLANG_WARN_OBJC_IMPLICIT_RETAIN_SELF = YES;
				CLANG_WARN_OBJC_LITERAL_CONVERSION = YES;
				CLANG_WARN_OBJC_ROOT_CLASS = YES_ERROR;
				CLANG_WARN_RANGE_LOOP_ANALYSIS = YES;
				CLANG_WARN_STRICT_PROTOTYPES = YES;
				CLANG_WARN_SUSPICIOUS_MOVE = YES;
				CLANG_WARN_UNGUARDED_AVAILABILITY = YES_AGGRESSIVE;
				CLANG_WARN_UNREACHABLE_CODE = YES;
				CLANG_WARN__DUPLICATE_METHOD_MATCH = YES;
				COPY_PHASE_STRIP = NO;
				DEBUG_INFORMATION_FORMAT = dwarf;
				ENABLE_STRICT_OBJC_MSGSEND = YES;
				ENABLE_TESTABILITY = YES;
				GCC_C_LANGUAGE_STANDARD = gnu11;
				GCC_DYNAMIC_NO_PIC = NO;
				GCC_NO_COMMON_BLOCKS = YES;
				GCC_OPTIMIZATION_LEVEL = 0;
				GCC_PREPROCESSOR_DEFINITIONS = (
					"DEBUG=1",
					"$(inherited)",
				);
				GCC_WARN_64_TO_32_BIT_CONVERSION = YES;
				GCC_WARN_ABOUT_RETURN_TYPE = YES_ERROR;
				GCC_WARN_UNDECLARED_SELECTOR = YES;
				GCC_WARN_UNINITIALIZED_AUTOS = YES_AGGRESSIVE;
				GCC_WARN_UNUSED_FUNCTION = YES;
				GCC_WARN_UNUSED_VARIABLE = YES;
				IPHONEOS_DEPLOYMENT_TARGET = 13.5;
				MTL_ENABLE_DEBUG_INFO = INCLUDE_SOURCE;
				MTL_FAST_MATH = YES;
				ONLY_ACTIVE_ARCH = YES;
				SDKROOT = iphoneos;
				SWIFT_ACTIVE_COMPILATION_CONDITIONS = DEBUG;
				SWIFT_OPTIMIZATION_LEVEL = "-Onone";
			};
			name = Debug;
		};
		F42550A22486D28D00638241 /* Release */ = {
			isa = XCBuildConfiguration;
			buildSettings = {
				ALWAYS_SEARCH_USER_PATHS = NO;
				CLANG_ANALYZER_NONNULL = YES;
				CLANG_ANALYZER_NUMBER_OBJECT_CONVERSION = YES_AGGRESSIVE;
				CLANG_CXX_LANGUAGE_STANDARD = "gnu++14";
				CLANG_CXX_LIBRARY = "libc++";
				CLANG_ENABLE_MODULES = YES;
				CLANG_ENABLE_OBJC_ARC = YES;
				CLANG_ENABLE_OBJC_WEAK = YES;
				CLANG_WARN_BLOCK_CAPTURE_AUTORELEASING = YES;
				CLANG_WARN_BOOL_CONVERSION = YES;
				CLANG_WARN_COMMA = YES;
				CLANG_WARN_CONSTANT_CONVERSION = YES;
				CLANG_WARN_DEPRECATED_OBJC_IMPLEMENTATIONS = YES;
				CLANG_WARN_DIRECT_OBJC_ISA_USAGE = YES_ERROR;
				CLANG_WARN_DOCUMENTATION_COMMENTS = YES;
				CLANG_WARN_EMPTY_BODY = YES;
				CLANG_WARN_ENUM_CONVERSION = YES;
				CLANG_WARN_INFINITE_RECURSION = YES;
				CLANG_WARN_INT_CONVERSION = YES;
				CLANG_WARN_NON_LITERAL_NULL_CONVERSION = YES;
				CLANG_WARN_OBJC_IMPLICIT_RETAIN_SELF = YES;
				CLANG_WARN_OBJC_LITERAL_CONVERSION = YES;
				CLANG_WARN_OBJC_ROOT_CLASS = YES_ERROR;
				CLANG_WARN_RANGE_LOOP_ANALYSIS = YES;
				CLANG_WARN_STRICT_PROTOTYPES = YES;
				CLANG_WARN_SUSPICIOUS_MOVE = YES;
				CLANG_WARN_UNGUARDED_AVAILABILITY = YES_AGGRESSIVE;
				CLANG_WARN_UNREACHABLE_CODE = YES;
				CLANG_WARN__DUPLICATE_METHOD_MATCH = YES;
				COPY_PHASE_STRIP = NO;
				DEBUG_INFORMATION_FORMAT = "dwarf-with-dsym";
				ENABLE_NS_ASSERTIONS = NO;
				ENABLE_STRICT_OBJC_MSGSEND = YES;
				GCC_C_LANGUAGE_STANDARD = gnu11;
				GCC_NO_COMMON_BLOCKS = YES;
				GCC_WARN_64_TO_32_BIT_CONVERSION = YES;
				GCC_WARN_ABOUT_RETURN_TYPE = YES_ERROR;
				GCC_WARN_UNDECLARED_SELECTOR = YES;
				GCC_WARN_UNINITIALIZED_AUTOS = YES_AGGRESSIVE;
				GCC_WARN_UNUSED_FUNCTION = YES;
				GCC_WARN_UNUSED_VARIABLE = YES;
				IPHONEOS_DEPLOYMENT_TARGET = 13.5;
				MTL_ENABLE_DEBUG_INFO = NO;
				MTL_FAST_MATH = YES;
				SDKROOT = iphoneos;
				SWIFT_COMPILATION_MODE = wholemodule;
				SWIFT_OPTIMIZATION_LEVEL = "-O";
				VALIDATE_PRODUCT = YES;
			};
			name = Release;
		};
		F42550A42486D28D00638241 /* Debug */ = {
			isa = XCBuildConfiguration;
			buildSettings = {
				ASSETCATALOG_COMPILER_APPICON_NAME = AppIcon;
				CODE_SIGN_STYLE = Automatic;
				DEVELOPMENT_TEAM = TUN64ZVFJ6;
				INFOPLIST_FILE = "Who Wants to Be a Millionaire?.git/Info.plist";
				IPHONEOS_DEPLOYMENT_TARGET = 13.4;
				LD_RUNPATH_SEARCH_PATHS = (
					"$(inherited)",
					"@executable_path/Frameworks",
				);
				PRODUCT_BUNDLE_IDENTIFIER = "com.daniilpazin.Who-Wants-to-Be-a-Millionaire--git";
				PRODUCT_NAME = "$(TARGET_NAME)";
				SWIFT_VERSION = 5.0;
				TARGETED_DEVICE_FAMILY = "1,2";
			};
			name = Debug;
		};
		F42550A52486D28D00638241 /* Release */ = {
			isa = XCBuildConfiguration;
			buildSettings = {
				ASSETCATALOG_COMPILER_APPICON_NAME = AppIcon;
				CODE_SIGN_STYLE = Automatic;
				DEVELOPMENT_TEAM = TUN64ZVFJ6;
				INFOPLIST_FILE = "Who Wants to Be a Millionaire?.git/Info.plist";
				IPHONEOS_DEPLOYMENT_TARGET = 13.4;
				LD_RUNPATH_SEARCH_PATHS = (
					"$(inherited)",
					"@executable_path/Frameworks",
				);
				PRODUCT_BUNDLE_IDENTIFIER = "com.daniilpazin.Who-Wants-to-Be-a-Millionaire--git";
				PRODUCT_NAME = "$(TARGET_NAME)";
				SWIFT_VERSION = 5.0;
				TARGETED_DEVICE_FAMILY = "1,2";
			};
			name = Release;
		};
/* End XCBuildConfiguration section */

/* Begin XCConfigurationList section */
		F425508A2486D28C00638241 /* Build configuration list for PBXProject "Who Wants to Be a Millionaire?.git" */ = {
			isa = XCConfigurationList;
			buildConfigurations = (
				F42550A12486D28D00638241 /* Debug */,
				F42550A22486D28D00638241 /* Release */,
			);
			defaultConfigurationIsVisible = 0;
			defaultConfigurationName = Release;
		};
		F42550A32486D28D00638241 /* Build configuration list for PBXNativeTarget "Who Wants to Be a Millionaire?.git" */ = {
			isa = XCConfigurationList;
			buildConfigurations = (
				F42550A42486D28D00638241 /* Debug */,
				F42550A52486D28D00638241 /* Release */,
			);
			defaultConfigurationIsVisible = 0;
			defaultConfigurationName = Release;
		};
/* End XCConfigurationList section */
	};
	rootObject = F42550872486D28C00638241 /* Project object */;
}
